PODS:
  - SDWebImage (5.17.0):
    - SDWebImage/Core (= 5.17.0)
  - SDWebImage/Core (5.17.0)

DEPENDENCIES:
  - SDWebImage

SPEC REPOS:
  https://gitee.com/mirrors/CocoaPods-Specs.git:
    - SDWebImage

SPEC CHECKSUMS:
  SDWebImage: 750adf017a315a280c60fde706ab1e552a3ae4e9

PODFILE CHECKSUM: 768c0f7f3696b4199349f3f4184042351fa816b0

COCOAPODS: 1.11.3
