// !$*UTF8*$!
{
	archiveVersion = 1;
	classes = {
	};
	objectVersion = 56;
	objects = {

/* Begin PBXBuildFile section */
		F7256BFF2A5F85AD000CE7C6 /* LExampleListGroupItem.m in Sources */ = {isa = PBXBuildFile; fileRef = F7256BFE2A5F85AD000CE7C6 /* LExampleListGroupItem.m */; };
		F7256C022A5F85BC000CE7C6 /* LExampleListGroup.m in Sources */ = {isa = PBXBuildFile; fileRef = F7256C012A5F85BC000CE7C6 /* LExampleListGroup.m */; };
		F7256C062A5F8807000CE7C6 /* LRouterTable.m in Sources */ = {isa = PBXBuildFile; fileRef = F7256C052A5F8807000CE7C6 /* LRouterTable.m */; };
		F7256C092A5F8824000CE7C6 /* LRouterManager.m in Sources */ = {isa = PBXBuildFile; fileRef = F7256C082A5F8824000CE7C6 /* LRouterManager.m */; };
		F7682CE72A6154090081FB84 /* StatusInfo.plist in Resources */ = {isa = PBXBuildFile; fileRef = F7682CE62A6154090081FB84 /* StatusInfo.plist */; };
		F7682CEA2A6177A20081FB84 /* mytype.png in Resources */ = {isa = PBXBuildFile; fileRef = F7682CE92A6177A20081FB84 /* mytype.png */; };
		F778BBD72A5D52CE006E3DD7 /* LFileViewController.m in Sources */ = {isa = PBXBuildFile; fileRef = F778BBD62A5D52CE006E3DD7 /* LFileViewController.m */; };
		F778BBDA2A5D530D006E3DD7 /* LIMViewController.m in Sources */ = {isa = PBXBuildFile; fileRef = F778BBD92A5D530D006E3DD7 /* LIMViewController.m */; };
		F778BBDD2A5D5323006E3DD7 /* LGameViewController.m in Sources */ = {isa = PBXBuildFile; fileRef = F778BBDC2A5D5323006E3DD7 /* LGameViewController.m */; };
		F778BBE02A5D538A006E3DD7 /* LLayoutViewController.m in Sources */ = {isa = PBXBuildFile; fileRef = F778BBDF2A5D538A006E3DD7 /* LLayoutViewController.m */; };
		F778BC112A5D620E006E3DD7 /* 2.jpg in Resources */ = {isa = PBXBuildFile; fileRef = F778BC052A5D620E006E3DD7 /* 2.jpg */; };
		F778BC122A5D620E006E3DD7 /* 7.jpg in Resources */ = {isa = PBXBuildFile; fileRef = F778BC062A5D620E006E3DD7 /* 7.jpg */; };
		F778BC132A5D620E006E3DD7 /* 3.jpg in Resources */ = {isa = PBXBuildFile; fileRef = F778BC072A5D620E006E3DD7 /* 3.jpg */; };
		F778BC142A5D620E006E3DD7 /* 11.jpg in Resources */ = {isa = PBXBuildFile; fileRef = F778BC082A5D620E006E3DD7 /* 11.jpg */; };
		F778BC152A5D620E006E3DD7 /* 4.jpg in Resources */ = {isa = PBXBuildFile; fileRef = F778BC092A5D620E006E3DD7 /* 4.jpg */; };
		F778BC162A5D620E006E3DD7 /* 5.jpg in Resources */ = {isa = PBXBuildFile; fileRef = F778BC0A2A5D620E006E3DD7 /* 5.jpg */; };
		F778BC172A5D620E006E3DD7 /* 6.jpg in Resources */ = {isa = PBXBuildFile; fileRef = F778BC0B2A5D620E006E3DD7 /* 6.jpg */; };
		F778BC182A5D620E006E3DD7 /* 8.jpg in Resources */ = {isa = PBXBuildFile; fileRef = F778BC0C2A5D620E006E3DD7 /* 8.jpg */; };
		F778BC192A5D620E006E3DD7 /* 1.jpg in Resources */ = {isa = PBXBuildFile; fileRef = F778BC0D2A5D620E006E3DD7 /* 1.jpg */; };
		F778BC1A2A5D620E006E3DD7 /* 9.jpg in Resources */ = {isa = PBXBuildFile; fileRef = F778BC0E2A5D620E006E3DD7 /* 9.jpg */; };
		F778BC1B2A5D620E006E3DD7 /* 10.jpg in Resources */ = {isa = PBXBuildFile; fileRef = F778BC0F2A5D620E006E3DD7 /* 10.jpg */; };
		F778BC1C2A5D620E006E3DD7 /* 12.jpg in Resources */ = {isa = PBXBuildFile; fileRef = F778BC102A5D620E006E3DD7 /* 12.jpg */; };
		F778BC592A5D6710006E3DD7 /* ic_file_selected.png in Resources */ = {isa = PBXBuildFile; fileRef = F778BC4D2A5D6710006E3DD7 /* ic_file_selected.png */; };
		F778BC5A2A5D6710006E3DD7 /* ic_layout_selected.png in Resources */ = {isa = PBXBuildFile; fileRef = F778BC4E2A5D6710006E3DD7 /* ic_layout_selected.png */; };
		F778BC5B2A5D6710006E3DD7 /* ic_note_selected.png in Resources */ = {isa = PBXBuildFile; fileRef = F778BC4F2A5D6710006E3DD7 /* ic_note_selected.png */; };
		F778BC5C2A5D6710006E3DD7 /* ic_note_unselected.png in Resources */ = {isa = PBXBuildFile; fileRef = F778BC502A5D6710006E3DD7 /* ic_note_unselected.png */; };
		F778BC5D2A5D6710006E3DD7 /* ic_file_unselected.png in Resources */ = {isa = PBXBuildFile; fileRef = F778BC512A5D6710006E3DD7 /* ic_file_unselected.png */; };
		F778BC5E2A5D6710006E3DD7 /* ic_video_unselected.png in Resources */ = {isa = PBXBuildFile; fileRef = F778BC522A5D6710006E3DD7 /* ic_video_unselected.png */; };
		F778BC5F2A5D6710006E3DD7 /* ic_layout_unselected.png in Resources */ = {isa = PBXBuildFile; fileRef = F778BC532A5D6710006E3DD7 /* ic_layout_unselected.png */; };
		F778BC602A5D6710006E3DD7 /* ic_video_selected.png in Resources */ = {isa = PBXBuildFile; fileRef = F778BC542A5D6710006E3DD7 /* ic_video_selected.png */; };
		F778BC612A5D6710006E3DD7 /* ic_im_selected.png in Resources */ = {isa = PBXBuildFile; fileRef = F778BC552A5D6710006E3DD7 /* ic_im_selected.png */; };
		F778BC622A5D6710006E3DD7 /* ic_game_unselected.png in Resources */ = {isa = PBXBuildFile; fileRef = F778BC562A5D6710006E3DD7 /* ic_game_unselected.png */; };
		F778BC632A5D6710006E3DD7 /* ic_game_selected.png in Resources */ = {isa = PBXBuildFile; fileRef = F778BC572A5D6710006E3DD7 /* ic_game_selected.png */; };
		F778BC642A5D6710006E3DD7 /* ic_im_unselected.png in Resources */ = {isa = PBXBuildFile; fileRef = F778BC582A5D6710006E3DD7 /* ic_im_unselected.png */; };
		F778BC682A5D7A0F006E3DD7 /* LContact.m in Sources */ = {isa = PBXBuildFile; fileRef = F778BC672A5D7A0F006E3DD7 /* LContact.m */; };
		F778BC6B2A5D7D29006E3DD7 /* LContactGroup.m in Sources */ = {isa = PBXBuildFile; fileRef = F778BC6A2A5D7D29006E3DD7 /* LContactGroup.m */; };
		F778BC6E2A5D803F006E3DD7 /* LContactViewController.m in Sources */ = {isa = PBXBuildFile; fileRef = F778BC6D2A5D803F006E3DD7 /* LContactViewController.m */; };
		F7CFB5512A5FF3EB0085DFCB /* LFlutterViewController.m in Sources */ = {isa = PBXBuildFile; fileRef = F7CFB5502A5FF3EB0085DFCB /* LFlutterViewController.m */; };
		F7CFB55A2A5FF62C0085DFCB /* LPostViewController.m in Sources */ = {isa = PBXBuildFile; fileRef = F7CFB5592A5FF62C0085DFCB /* LPostViewController.m */; };
		F7CFB55C2A6010D20085DFCB /* 1.png in Resources */ = {isa = PBXBuildFile; fileRef = F7CFB55B2A6010D20085DFCB /* 1.png */; };
		F7CFB55F2A6015100085DFCB /* LStatus.m in Sources */ = {isa = PBXBuildFile; fileRef = F7CFB55E2A6015100085DFCB /* LStatus.m */; };
		F7CFB5622A6019430085DFCB /* LStatusTableViewCell.m in Sources */ = {isa = PBXBuildFile; fileRef = F7CFB5612A6019430085DFCB /* LStatusTableViewCell.m */; };
		F7F4658A2A5966BF00B11EDD /* AppDelegate.m in Sources */ = {isa = PBXBuildFile; fileRef = F7F465892A5966BF00B11EDD /* AppDelegate.m */; };
		F7F465902A5966BF00B11EDD /* LNoteViewController.m in Sources */ = {isa = PBXBuildFile; fileRef = F7F4658F2A5966BF00B11EDD /* LNoteViewController.m */; };
		F7F465932A5966BF00B11EDD /* Main.storyboard in Resources */ = {isa = PBXBuildFile; fileRef = F7F465912A5966BF00B11EDD /* Main.storyboard */; };
		F7F465952A5966C000B11EDD /* Assets.xcassets in Resources */ = {isa = PBXBuildFile; fileRef = F7F465942A5966C000B11EDD /* Assets.xcassets */; };
		F7F465982A5966C000B11EDD /* LaunchScreen.storyboard in Resources */ = {isa = PBXBuildFile; fileRef = F7F465962A5966C000B11EDD /* LaunchScreen.storyboard */; };
		F7F4659B2A5966C000B11EDD /* main.m in Sources */ = {isa = PBXBuildFile; fileRef = F7F4659A2A5966C000B11EDD /* main.m */; };
		F7F465A52A5966C000B11EDD /* live_iosTests.m in Sources */ = {isa = PBXBuildFile; fileRef = F7F465A42A5966C000B11EDD /* live_iosTests.m */; };
		F7F465AF2A5966C000B11EDD /* live_iosUITests.m in Sources */ = {isa = PBXBuildFile; fileRef = F7F465AE2A5966C000B11EDD /* live_iosUITests.m */; };
		F7F465B12A5966C000B11EDD /* live_iosUITestsLaunchTests.m in Sources */ = {isa = PBXBuildFile; fileRef = F7F465B02A5966C000B11EDD /* live_iosUITestsLaunchTests.m */; };
		F7F465BF2A59681000B11EDD /* LVideoPlayViewController.m in Sources */ = {isa = PBXBuildFile; fileRef = F7F465BE2A59681000B11EDD /* LVideoPlayViewController.m */; };
		F7F465C22A596FC000B11EDD /* AVFoundation.framework in Frameworks */ = {isa = PBXBuildFile; fileRef = F7F465C12A596FC000B11EDD /* AVFoundation.framework */; };
		F7F465CA2A59787600B11EDD /* test.mp4 in Resources */ = {isa = PBXBuildFile; fileRef = F7F465C92A59787600B11EDD /* test.mp4 */; };
		F7F465E62A59798D00B11EDD /* LUIImageViewController.m in Sources */ = {isa = PBXBuildFile; fileRef = F7F465E52A59798D00B11EDD /* LUIImageViewController.m */; };
/* End PBXBuildFile section */

/* Begin PBXContainerItemProxy section */
		F7F465A12A5966C000B11EDD /* PBXContainerItemProxy */ = {
			isa = PBXContainerItemProxy;
			containerPortal = F7F4657D2A5966BF00B11EDD /* Project object */;
			proxyType = 1;
			remoteGlobalIDString = F7F465842A5966BF00B11EDD;
			remoteInfo = live_ios;
		};
		F7F465AB2A5966C000B11EDD /* PBXContainerItemProxy */ = {
			isa = PBXContainerItemProxy;
			containerPortal = F7F4657D2A5966BF00B11EDD /* Project object */;
			proxyType = 1;
			remoteGlobalIDString = F7F465842A5966BF00B11EDD;
			remoteInfo = live_ios;
		};
/* End PBXContainerItemProxy section */

/* Begin PBXFileReference section */
		F7256BFD2A5F85AD000CE7C6 /* LExampleListGroupItem.h */ = {isa = PBXFileReference; lastKnownFileType = sourcecode.c.h; path = LExampleListGroupItem.h; sourceTree = "<group>"; };
		F7256BFE2A5F85AD000CE7C6 /* LExampleListGroupItem.m */ = {isa = PBXFileReference; lastKnownFileType = sourcecode.c.objc; path = LExampleListGroupItem.m; sourceTree = "<group>"; };
		F7256C002A5F85BC000CE7C6 /* LExampleListGroup.h */ = {isa = PBXFileReference; lastKnownFileType = sourcecode.c.h; path = LExampleListGroup.h; sourceTree = "<group>"; };
		F7256C012A5F85BC000CE7C6 /* LExampleListGroup.m */ = {isa = PBXFileReference; lastKnownFileType = sourcecode.c.objc; path = LExampleListGroup.m; sourceTree = "<group>"; };
		F7256C042A5F8807000CE7C6 /* LRouterTable.h */ = {isa = PBXFileReference; lastKnownFileType = sourcecode.c.h; path = LRouterTable.h; sourceTree = "<group>"; };
		F7256C052A5F8807000CE7C6 /* LRouterTable.m */ = {isa = PBXFileReference; lastKnownFileType = sourcecode.c.objc; path = LRouterTable.m; sourceTree = "<group>"; };
		F7256C072A5F8824000CE7C6 /* LRouterManager.h */ = {isa = PBXFileReference; lastKnownFileType = sourcecode.c.h; path = LRouterManager.h; sourceTree = "<group>"; };
		F7256C082A5F8824000CE7C6 /* LRouterManager.m */ = {isa = PBXFileReference; lastKnownFileType = sourcecode.c.objc; path = LRouterManager.m; sourceTree = "<group>"; };
		F7682CE62A6154090081FB84 /* StatusInfo.plist */ = {isa = PBXFileReference; lastKnownFileType = text.plist.xml; path = StatusInfo.plist; sourceTree = "<group>"; };
		F7682CE92A6177A20081FB84 /* mytype.png */ = {isa = PBXFileReference; lastKnownFileType = image.png; path = mytype.png; sourceTree = "<group>"; };
		F7682CEB2A6289E50081FB84 /* BTPublicDefine.h */ = {isa = PBXFileReference; lastKnownFileType = sourcecode.c.h; path = BTPublicDefine.h; sourceTree = "<group>"; };
		F7682CEC2A628F050081FB84 /* BTPlatformPublicDefine.h */ = {isa = PBXFileReference; lastKnownFileType = sourcecode.c.h; path = BTPlatformPublicDefine.h; sourceTree = "<group>"; };
		F7682CED2A628F200081FB84 /* BTUIPublicDefine.h */ = {isa = PBXFileReference; lastKnownFileType = sourcecode.c.h; path = BTUIPublicDefine.h; sourceTree = "<group>"; };
		F7682CEE2A628F4A0081FB84 /* BTFilePublicDefine.h */ = {isa = PBXFileReference; lastKnownFileType = sourcecode.c.h; path = BTFilePublicDefine.h; sourceTree = "<group>"; };
		F7682CF02A6292CD0081FB84 /* BTLanguagePublicDefine.h */ = {isa = PBXFileReference; lastKnownFileType = sourcecode.c.h; path = BTLanguagePublicDefine.h; sourceTree = "<group>"; };
		F7682CF12A62935E0081FB84 /* BTStringDataTypePublicDefine.h */ = {isa = PBXFileReference; lastKnownFileType = sourcecode.c.h; path = BTStringDataTypePublicDefine.h; sourceTree = "<group>"; };
		F7682CF22A62959A0081FB84 /* BTThreadPublicDefine.h */ = {isa = PBXFileReference; lastKnownFileType = sourcecode.c.h; path = BTThreadPublicDefine.h; sourceTree = "<group>"; };
		F7682CF32A6295F20081FB84 /* BTLogPublicDefine.h */ = {isa = PBXFileReference; lastKnownFileType = sourcecode.c.h; path = BTLogPublicDefine.h; sourceTree = "<group>"; };
		F7682CF42A6296BA0081FB84 /* BTMiscPublicDefine.h */ = {isa = PBXFileReference; lastKnownFileType = sourcecode.c.h; path = BTMiscPublicDefine.h; sourceTree = "<group>"; };
		F778BBD52A5D52CE006E3DD7 /* LFileViewController.h */ = {isa = PBXFileReference; lastKnownFileType = sourcecode.c.h; path = LFileViewController.h; sourceTree = "<group>"; };
		F778BBD62A5D52CE006E3DD7 /* LFileViewController.m */ = {isa = PBXFileReference; lastKnownFileType = sourcecode.c.objc; path = LFileViewController.m; sourceTree = "<group>"; };
		F778BBD82A5D530D006E3DD7 /* LIMViewController.h */ = {isa = PBXFileReference; lastKnownFileType = sourcecode.c.h; path = LIMViewController.h; sourceTree = "<group>"; };
		F778BBD92A5D530D006E3DD7 /* LIMViewController.m */ = {isa = PBXFileReference; lastKnownFileType = sourcecode.c.objc; path = LIMViewController.m; sourceTree = "<group>"; };
		F778BBDB2A5D5323006E3DD7 /* LGameViewController.h */ = {isa = PBXFileReference; lastKnownFileType = sourcecode.c.h; path = LGameViewController.h; sourceTree = "<group>"; };
		F778BBDC2A5D5323006E3DD7 /* LGameViewController.m */ = {isa = PBXFileReference; lastKnownFileType = sourcecode.c.objc; path = LGameViewController.m; sourceTree = "<group>"; };
		F778BBDE2A5D538A006E3DD7 /* LLayoutViewController.h */ = {isa = PBXFileReference; lastKnownFileType = sourcecode.c.h; path = LLayoutViewController.h; sourceTree = "<group>"; };
		F778BBDF2A5D538A006E3DD7 /* LLayoutViewController.m */ = {isa = PBXFileReference; lastKnownFileType = sourcecode.c.objc; path = LLayoutViewController.m; sourceTree = "<group>"; };
		F778BC052A5D620E006E3DD7 /* 2.jpg */ = {isa = PBXFileReference; lastKnownFileType = image.jpeg; path = 2.jpg; sourceTree = "<group>"; };
		F778BC062A5D620E006E3DD7 /* 7.jpg */ = {isa = PBXFileReference; lastKnownFileType = image.jpeg; path = 7.jpg; sourceTree = "<group>"; };
		F778BC072A5D620E006E3DD7 /* 3.jpg */ = {isa = PBXFileReference; lastKnownFileType = image.jpeg; path = 3.jpg; sourceTree = "<group>"; };
		F778BC082A5D620E006E3DD7 /* 11.jpg */ = {isa = PBXFileReference; lastKnownFileType = image.jpeg; path = 11.jpg; sourceTree = "<group>"; };
		F778BC092A5D620E006E3DD7 /* 4.jpg */ = {isa = PBXFileReference; lastKnownFileType = image.jpeg; path = 4.jpg; sourceTree = "<group>"; };
		F778BC0A2A5D620E006E3DD7 /* 5.jpg */ = {isa = PBXFileReference; lastKnownFileType = image.jpeg; path = 5.jpg; sourceTree = "<group>"; };
		F778BC0B2A5D620E006E3DD7 /* 6.jpg */ = {isa = PBXFileReference; lastKnownFileType = image.jpeg; path = 6.jpg; sourceTree = "<group>"; };
		F778BC0C2A5D620E006E3DD7 /* 8.jpg */ = {isa = PBXFileReference; lastKnownFileType = image.jpeg; path = 8.jpg; sourceTree = "<group>"; };
		F778BC0D2A5D620E006E3DD7 /* 1.jpg */ = {isa = PBXFileReference; lastKnownFileType = image.jpeg; path = 1.jpg; sourceTree = "<group>"; };
		F778BC0E2A5D620E006E3DD7 /* 9.jpg */ = {isa = PBXFileReference; lastKnownFileType = image.jpeg; path = 9.jpg; sourceTree = "<group>"; };
		F778BC0F2A5D620E006E3DD7 /* 10.jpg */ = {isa = PBXFileReference; lastKnownFileType = image.jpeg; path = 10.jpg; sourceTree = "<group>"; };
		F778BC102A5D620E006E3DD7 /* 12.jpg */ = {isa = PBXFileReference; lastKnownFileType = image.jpeg; path = 12.jpg; sourceTree = "<group>"; };
		F778BC4D2A5D6710006E3DD7 /* ic_file_selected.png */ = {isa = PBXFileReference; lastKnownFileType = image.png; path = ic_file_selected.png; sourceTree = "<group>"; };
		F778BC4E2A5D6710006E3DD7 /* ic_layout_selected.png */ = {isa = PBXFileReference; lastKnownFileType = image.png; path = ic_layout_selected.png; sourceTree = "<group>"; };
		F778BC4F2A5D6710006E3DD7 /* ic_note_selected.png */ = {isa = PBXFileReference; lastKnownFileType = image.png; path = ic_note_selected.png; sourceTree = "<group>"; };
		F778BC502A5D6710006E3DD7 /* ic_note_unselected.png */ = {isa = PBXFileReference; lastKnownFileType = image.png; path = ic_note_unselected.png; sourceTree = "<group>"; };
		F778BC512A5D6710006E3DD7 /* ic_file_unselected.png */ = {isa = PBXFileReference; lastKnownFileType = image.png; path = ic_file_unselected.png; sourceTree = "<group>"; };
		F778BC522A5D6710006E3DD7 /* ic_video_unselected.png */ = {isa = PBXFileReference; lastKnownFileType = image.png; path = ic_video_unselected.png; sourceTree = "<group>"; };
		F778BC532A5D6710006E3DD7 /* ic_layout_unselected.png */ = {isa = PBXFileReference; lastKnownFileType = image.png; path = ic_layout_unselected.png; sourceTree = "<group>"; };
		F778BC542A5D6710006E3DD7 /* ic_video_selected.png */ = {isa = PBXFileReference; lastKnownFileType = image.png; path = ic_video_selected.png; sourceTree = "<group>"; };
		F778BC552A5D6710006E3DD7 /* ic_im_selected.png */ = {isa = PBXFileReference; lastKnownFileType = image.png; path = ic_im_selected.png; sourceTree = "<group>"; };
		F778BC562A5D6710006E3DD7 /* ic_game_unselected.png */ = {isa = PBXFileReference; lastKnownFileType = image.png; path = ic_game_unselected.png; sourceTree = "<group>"; };
		F778BC572A5D6710006E3DD7 /* ic_game_selected.png */ = {isa = PBXFileReference; lastKnownFileType = image.png; path = ic_game_selected.png; sourceTree = "<group>"; };
		F778BC582A5D6710006E3DD7 /* ic_im_unselected.png */ = {isa = PBXFileReference; lastKnownFileType = image.png; path = ic_im_unselected.png; sourceTree = "<group>"; };
		F778BC662A5D7A0F006E3DD7 /* LContact.h */ = {isa = PBXFileReference; lastKnownFileType = sourcecode.c.h; path = LContact.h; sourceTree = "<group>"; };
		F778BC672A5D7A0F006E3DD7 /* LContact.m */ = {isa = PBXFileReference; lastKnownFileType = sourcecode.c.objc; path = LContact.m; sourceTree = "<group>"; };
		F778BC692A5D7D29006E3DD7 /* LContactGroup.h */ = {isa = PBXFileReference; lastKnownFileType = sourcecode.c.h; path = LContactGroup.h; sourceTree = "<group>"; };
		F778BC6A2A5D7D29006E3DD7 /* LContactGroup.m */ = {isa = PBXFileReference; lastKnownFileType = sourcecode.c.objc; path = LContactGroup.m; sourceTree = "<group>"; };
		F778BC6C2A5D803F006E3DD7 /* LContactViewController.h */ = {isa = PBXFileReference; lastKnownFileType = sourcecode.c.h; path = LContactViewController.h; sourceTree = "<group>"; };
		F778BC6D2A5D803F006E3DD7 /* LContactViewController.m */ = {isa = PBXFileReference; lastKnownFileType = sourcecode.c.objc; path = LContactViewController.m; sourceTree = "<group>"; };
		F7CFB54F2A5FF3EB0085DFCB /* LFlutterViewController.h */ = {isa = PBXFileReference; lastKnownFileType = sourcecode.c.h; path = LFlutterViewController.h; sourceTree = "<group>"; };
		F7CFB5502A5FF3EB0085DFCB /* LFlutterViewController.m */ = {isa = PBXFileReference; lastKnownFileType = sourcecode.c.objc; path = LFlutterViewController.m; sourceTree = "<group>"; };
		F7CFB5582A5FF62C0085DFCB /* LPostViewController.h */ = {isa = PBXFileReference; lastKnownFileType = sourcecode.c.h; path = LPostViewController.h; sourceTree = "<group>"; };
		F7CFB5592A5FF62C0085DFCB /* LPostViewController.m */ = {isa = PBXFileReference; lastKnownFileType = sourcecode.c.objc; path = LPostViewController.m; sourceTree = "<group>"; };
		F7CFB55B2A6010D20085DFCB /* 1.png */ = {isa = PBXFileReference; lastKnownFileType = image.png; path = 1.png; sourceTree = "<group>"; };
		F7CFB55D2A6015100085DFCB /* LStatus.h */ = {isa = PBXFileReference; lastKnownFileType = sourcecode.c.h; path = LStatus.h; sourceTree = "<group>"; };
		F7CFB55E2A6015100085DFCB /* LStatus.m */ = {isa = PBXFileReference; lastKnownFileType = sourcecode.c.objc; path = LStatus.m; sourceTree = "<group>"; };
		F7CFB5602A6019430085DFCB /* LStatusTableViewCell.h */ = {isa = PBXFileReference; lastKnownFileType = sourcecode.c.h; path = LStatusTableViewCell.h; sourceTree = "<group>"; };
		F7CFB5612A6019430085DFCB /* LStatusTableViewCell.m */ = {isa = PBXFileReference; lastKnownFileType = sourcecode.c.objc; path = LStatusTableViewCell.m; sourceTree = "<group>"; };
		F7F465852A5966BF00B11EDD /* live_ios.app */ = {isa = PBXFileReference; explicitFileType = wrapper.application; includeInIndex = 0; path = live_ios.app; sourceTree = BUILT_PRODUCTS_DIR; };
		F7F465882A5966BF00B11EDD /* AppDelegate.h */ = {isa = PBXFileReference; lastKnownFileType = sourcecode.c.h; path = AppDelegate.h; sourceTree = "<group>"; };
		F7F465892A5966BF00B11EDD /* AppDelegate.m */ = {isa = PBXFileReference; lastKnownFileType = sourcecode.c.objc; path = AppDelegate.m; sourceTree = "<group>"; };
		F7F4658E2A5966BF00B11EDD /* LNoteViewController.h */ = {isa = PBXFileReference; lastKnownFileType = sourcecode.c.h; path = LNoteViewController.h; sourceTree = "<group>"; };
		F7F4658F2A5966BF00B11EDD /* LNoteViewController.m */ = {isa = PBXFileReference; lastKnownFileType = sourcecode.c.objc; path = LNoteViewController.m; sourceTree = "<group>"; };
		F7F465922A5966BF00B11EDD /* Base */ = {isa = PBXFileReference; lastKnownFileType = file.storyboard; name = Base; path = Base.lproj/Main.storyboard; sourceTree = "<group>"; };
		F7F465942A5966C000B11EDD /* Assets.xcassets */ = {isa = PBXFileReference; lastKnownFileType = folder.assetcatalog; path = Assets.xcassets; sourceTree = "<group>"; };
		F7F465972A5966C000B11EDD /* Base */ = {isa = PBXFileReference; lastKnownFileType = file.storyboard; name = Base; path = Base.lproj/LaunchScreen.storyboard; sourceTree = "<group>"; };
		F7F465992A5966C000B11EDD /* Info.plist */ = {isa = PBXFileReference; lastKnownFileType = text.plist.xml; path = Info.plist; sourceTree = "<group>"; };
		F7F4659A2A5966C000B11EDD /* main.m */ = {isa = PBXFileReference; lastKnownFileType = sourcecode.c.objc; path = main.m; sourceTree = "<group>"; };
		F7F465A02A5966C000B11EDD /* live_iosTests.xctest */ = {isa = PBXFileReference; explicitFileType = wrapper.cfbundle; includeInIndex = 0; path = live_iosTests.xctest; sourceTree = BUILT_PRODUCTS_DIR; };
		F7F465A42A5966C000B11EDD /* live_iosTests.m */ = {isa = PBXFileReference; lastKnownFileType = sourcecode.c.objc; path = live_iosTests.m; sourceTree = "<group>"; };
		F7F465AA2A5966C000B11EDD /* live_iosUITests.xctest */ = {isa = PBXFileReference; explicitFileType = wrapper.cfbundle; includeInIndex = 0; path = live_iosUITests.xctest; sourceTree = BUILT_PRODUCTS_DIR; };
		F7F465AE2A5966C000B11EDD /* live_iosUITests.m */ = {isa = PBXFileReference; lastKnownFileType = sourcecode.c.objc; path = live_iosUITests.m; sourceTree = "<group>"; };
		F7F465B02A5966C000B11EDD /* live_iosUITestsLaunchTests.m */ = {isa = PBXFileReference; lastKnownFileType = sourcecode.c.objc; path = live_iosUITestsLaunchTests.m; sourceTree = "<group>"; };
		F7F465BD2A59681000B11EDD /* LVideoPlayViewController.h */ = {isa = PBXFileReference; lastKnownFileType = sourcecode.c.h; path = LVideoPlayViewController.h; sourceTree = "<group>"; };
		F7F465BE2A59681000B11EDD /* LVideoPlayViewController.m */ = {isa = PBXFileReference; lastKnownFileType = sourcecode.c.objc; path = LVideoPlayViewController.m; sourceTree = "<group>"; };
		F7F465C12A596FC000B11EDD /* AVFoundation.framework */ = {isa = PBXFileReference; lastKnownFileType = wrapper.framework; name = AVFoundation.framework; path = System/Library/Frameworks/AVFoundation.framework; sourceTree = SDKROOT; };
		F7F465C92A59787600B11EDD /* test.mp4 */ = {isa = PBXFileReference; lastKnownFileType = file; path = test.mp4; sourceTree = "<group>"; };
		F7F465E42A59798D00B11EDD /* LUIImageViewController.h */ = {isa = PBXFileReference; lastKnownFileType = sourcecode.c.h; path = LUIImageViewController.h; sourceTree = "<group>"; };
		F7F465E52A59798D00B11EDD /* LUIImageViewController.m */ = {isa = PBXFileReference; lastKnownFileType = sourcecode.c.objc; path = LUIImageViewController.m; sourceTree = "<group>"; };
/* End PBXFileReference section */

/* Begin PBXFrameworksBuildPhase section */
		F7F465822A5966BF00B11EDD /* Frameworks */ = {
			isa = PBXFrameworksBuildPhase;
			buildActionMask = 2147483647;
			files = (
				F7F465C22A596FC000B11EDD /* AVFoundation.framework in Frameworks */,
			);
			runOnlyForDeploymentPostprocessing = 0;
		};
		F7F4659D2A5966C000B11EDD /* Frameworks */ = {
			isa = PBXFrameworksBuildPhase;
			buildActionMask = 2147483647;
			files = (
			);
			runOnlyForDeploymentPostprocessing = 0;
		};
		F7F465A72A5966C000B11EDD /* Frameworks */ = {
			isa = PBXFrameworksBuildPhase;
			buildActionMask = 2147483647;
			files = (
			);
			runOnlyForDeploymentPostprocessing = 0;
		};
/* End PBXFrameworksBuildPhase section */

/* Begin PBXGroup section */
		F7256BFC2A5EDB3C000CE7C6 /* common */ = {
			isa = PBXGroup;
			children = (
				F7682CEF2A628F630081FB84 /* BTPublicDefine */,
				F7256BFD2A5F85AD000CE7C6 /* LExampleListGroupItem.h */,
				F7256BFE2A5F85AD000CE7C6 /* LExampleListGroupItem.m */,
				F7256C002A5F85BC000CE7C6 /* LExampleListGroup.h */,
				F7256C012A5F85BC000CE7C6 /* LExampleListGroup.m */,
			);
			path = common;
			sourceTree = "<group>";
		};
		F7256C032A5F86C6000CE7C6 /* router */ = {
			isa = PBXGroup;
			children = (
				F7256C042A5F8807000CE7C6 /* LRouterTable.h */,
				F7256C052A5F8807000CE7C6 /* LRouterTable.m */,
				F7256C072A5F8824000CE7C6 /* LRouterManager.h */,
				F7256C082A5F8824000CE7C6 /* LRouterManager.m */,
			);
			path = router;
			sourceTree = "<group>";
		};
		F7256C0A2A5F8841000CE7C6 /* flutter */ = {
			isa = PBXGroup;
			children = (
				F7CFB54F2A5FF3EB0085DFCB /* LFlutterViewController.h */,
				F7CFB5502A5FF3EB0085DFCB /* LFlutterViewController.m */,
			);
			path = flutter;
			sourceTree = "<group>";
		};
		F7682CEF2A628F630081FB84 /* BTPublicDefine */ = {
			isa = PBXGroup;
			children = (
				F7682CED2A628F200081FB84 /* BTUIPublicDefine.h */,
				F7682CEC2A628F050081FB84 /* BTPlatformPublicDefine.h */,
				F7682CEE2A628F4A0081FB84 /* BTFilePublicDefine.h */,
				F7682CEB2A6289E50081FB84 /* BTPublicDefine.h */,
				F7682CF02A6292CD0081FB84 /* BTLanguagePublicDefine.h */,
				F7682CF12A62935E0081FB84 /* BTStringDataTypePublicDefine.h */,
				F7682CF22A62959A0081FB84 /* BTThreadPublicDefine.h */,
				F7682CF32A6295F20081FB84 /* BTLogPublicDefine.h */,
				F7682CF42A6296BA0081FB84 /* BTMiscPublicDefine.h */,
			);
			path = BTPublicDefine;
			sourceTree = "<group>";
		};
		F7682CF52A629D0D0081FB84 /* uitableview */ = {
			isa = PBXGroup;
			children = (
				F778BC652A5D7775006E3DD7 /* contact */,
				F7CFB5572A5FF6180085DFCB /* post */,
			);
			path = uitableview;
			sourceTree = "<group>";
		};
		F7682CF62A629D310081FB84 /* uiimage */ = {
			isa = PBXGroup;
			children = (
				F7F465E52A59798D00B11EDD /* LUIImageViewController.m */,
				F7F465E42A59798D00B11EDD /* LUIImageViewController.h */,
			);
			path = uiimage;
			sourceTree = "<group>";
		};
		F778BBCF2A5D5255006E3DD7 /* note */ = {
			isa = PBXGroup;
			children = (
				F7F4658F2A5966BF00B11EDD /* LNoteViewController.m */,
				F7F4658E2A5966BF00B11EDD /* LNoteViewController.h */,
			);
			path = note;
			sourceTree = "<group>";
		};
		F778BBD02A5D5260006E3DD7 /* game */ = {
			isa = PBXGroup;
			children = (
				F778BBDB2A5D5323006E3DD7 /* LGameViewController.h */,
				F778BBDC2A5D5323006E3DD7 /* LGameViewController.m */,
			);
			path = game;
			sourceTree = "<group>";
		};
		F778BBD12A5D526C006E3DD7 /* layout */ = {
			isa = PBXGroup;
			children = (
				F7682CF62A629D310081FB84 /* uiimage */,
				F7682CF52A629D0D0081FB84 /* uitableview */,
				F778BBDE2A5D538A006E3DD7 /* LLayoutViewController.h */,
				F778BBDF2A5D538A006E3DD7 /* LLayoutViewController.m */,
			);
			path = layout;
			sourceTree = "<group>";
		};
		F778BBD22A5D527D006E3DD7 /* im */ = {
			isa = PBXGroup;
			children = (
				F778BBD82A5D530D006E3DD7 /* LIMViewController.h */,
				F778BBD92A5D530D006E3DD7 /* LIMViewController.m */,
			);
			path = im;
			sourceTree = "<group>";
		};
		F778BBD32A5D52A2006E3DD7 /* video */ = {
			isa = PBXGroup;
			children = (
				F7F465BE2A59681000B11EDD /* LVideoPlayViewController.m */,
				F7F465BD2A59681000B11EDD /* LVideoPlayViewController.h */,
			);
			path = video;
			sourceTree = "<group>";
		};
		F778BBD42A5D52AF006E3DD7 /* file */ = {
			isa = PBXGroup;
			children = (
				F778BBD52A5D52CE006E3DD7 /* LFileViewController.h */,
				F778BBD62A5D52CE006E3DD7 /* LFileViewController.m */,
			);
			path = file;
			sourceTree = "<group>";
		};
		F778BC652A5D7775006E3DD7 /* contact */ = {
			isa = PBXGroup;
			children = (
				F778BC662A5D7A0F006E3DD7 /* LContact.h */,
				F778BC672A5D7A0F006E3DD7 /* LContact.m */,
				F778BC692A5D7D29006E3DD7 /* LContactGroup.h */,
				F778BC6A2A5D7D29006E3DD7 /* LContactGroup.m */,
				F778BC6C2A5D803F006E3DD7 /* LContactViewController.h */,
				F778BC6D2A5D803F006E3DD7 /* LContactViewController.m */,
			);
			path = contact;
			sourceTree = "<group>";
		};
		F7CFB5572A5FF6180085DFCB /* post */ = {
			isa = PBXGroup;
			children = (
				F7CFB5582A5FF62C0085DFCB /* LPostViewController.h */,
				F7CFB5592A5FF62C0085DFCB /* LPostViewController.m */,
				F7CFB55D2A6015100085DFCB /* LStatus.h */,
				F7CFB55E2A6015100085DFCB /* LStatus.m */,
				F7CFB5602A6019430085DFCB /* LStatusTableViewCell.h */,
				F7CFB5612A6019430085DFCB /* LStatusTableViewCell.m */,
			);
			path = post;
			sourceTree = "<group>";
		};
		F7F4657C2A5966BF00B11EDD = {
			isa = PBXGroup;
			children = (
				F7F465872A5966BF00B11EDD /* live_ios */,
				F7F465A32A5966C000B11EDD /* live_iosTests */,
				F7F465AD2A5966C000B11EDD /* live_iosUITests */,
				F7F465862A5966BF00B11EDD /* Products */,
				F7F465C02A596FC000B11EDD /* Frameworks */,
			);
			sourceTree = "<group>";
		};
		F7F465862A5966BF00B11EDD /* Products */ = {
			isa = PBXGroup;
			children = (
				F7F465852A5966BF00B11EDD /* live_ios.app */,
				F7F465A02A5966C000B11EDD /* live_iosTests.xctest */,
				F7F465AA2A5966C000B11EDD /* live_iosUITests.xctest */,
			);
			name = Products;
			sourceTree = "<group>";
		};
		F7F465872A5966BF00B11EDD /* live_ios */ = {
			isa = PBXGroup;
			children = (
				F7256C032A5F86C6000CE7C6 /* router */,
				F7256BFC2A5EDB3C000CE7C6 /* common */,
				F7F465E72A5C318A00B11EDD /* modules */,
				F7F465C72A59780A00B11EDD /* Resources */,
				F7F465882A5966BF00B11EDD /* AppDelegate.h */,
				F7F465892A5966BF00B11EDD /* AppDelegate.m */,
				F7F465912A5966BF00B11EDD /* Main.storyboard */,
				F7F465942A5966C000B11EDD /* Assets.xcassets */,
				F7F465962A5966C000B11EDD /* LaunchScreen.storyboard */,
				F7F465992A5966C000B11EDD /* Info.plist */,
				F7F4659A2A5966C000B11EDD /* main.m */,
				F7682CE62A6154090081FB84 /* StatusInfo.plist */,
			);
			path = live_ios;
			sourceTree = "<group>";
		};
		F7F465A32A5966C000B11EDD /* live_iosTests */ = {
			isa = PBXGroup;
			children = (
				F7F465A42A5966C000B11EDD /* live_iosTests.m */,
			);
			path = live_iosTests;
			sourceTree = "<group>";
		};
		F7F465AD2A5966C000B11EDD /* live_iosUITests */ = {
			isa = PBXGroup;
			children = (
				F7F465AE2A5966C000B11EDD /* live_iosUITests.m */,
				F7F465B02A5966C000B11EDD /* live_iosUITestsLaunchTests.m */,
			);
			path = live_iosUITests;
			sourceTree = "<group>";
		};
		F7F465C02A596FC000B11EDD /* Frameworks */ = {
			isa = PBXGroup;
			children = (
				F7F465C12A596FC000B11EDD /* AVFoundation.framework */,
			);
			name = Frameworks;
			sourceTree = "<group>";
		};
		F7F465C72A59780A00B11EDD /* Resources */ = {
			isa = PBXGroup;
			children = (
				F7F465CB2A5978E000B11EDD /* images */,
				F7F465C82A59781A00B11EDD /* video */,
			);
			path = Resources;
			sourceTree = "<group>";
		};
		F7F465C82A59781A00B11EDD /* video */ = {
			isa = PBXGroup;
			children = (
				F7F465C92A59787600B11EDD /* test.mp4 */,
			);
			path = video;
			sourceTree = "<group>";
		};
		F7F465CB2A5978E000B11EDD /* images */ = {
			isa = PBXGroup;
			children = (
				F7682CE92A6177A20081FB84 /* mytype.png */,
				F7CFB55B2A6010D20085DFCB /* 1.png */,
				F778BC4D2A5D6710006E3DD7 /* ic_file_selected.png */,
				F778BC512A5D6710006E3DD7 /* ic_file_unselected.png */,
				F778BC572A5D6710006E3DD7 /* ic_game_selected.png */,
				F778BC562A5D6710006E3DD7 /* ic_game_unselected.png */,
				F778BC552A5D6710006E3DD7 /* ic_im_selected.png */,
				F778BC582A5D6710006E3DD7 /* ic_im_unselected.png */,
				F778BC4E2A5D6710006E3DD7 /* ic_layout_selected.png */,
				F778BC532A5D6710006E3DD7 /* ic_layout_unselected.png */,
				F778BC4F2A5D6710006E3DD7 /* ic_note_selected.png */,
				F778BC502A5D6710006E3DD7 /* ic_note_unselected.png */,
				F778BC542A5D6710006E3DD7 /* ic_video_selected.png */,
				F778BC522A5D6710006E3DD7 /* ic_video_unselected.png */,
				F778BC0D2A5D620E006E3DD7 /* 1.jpg */,
				F778BC052A5D620E006E3DD7 /* 2.jpg */,
				F778BC072A5D620E006E3DD7 /* 3.jpg */,
				F778BC092A5D620E006E3DD7 /* 4.jpg */,
				F778BC0A2A5D620E006E3DD7 /* 5.jpg */,
				F778BC0B2A5D620E006E3DD7 /* 6.jpg */,
				F778BC062A5D620E006E3DD7 /* 7.jpg */,
				F778BC0C2A5D620E006E3DD7 /* 8.jpg */,
				F778BC0E2A5D620E006E3DD7 /* 9.jpg */,
				F778BC0F2A5D620E006E3DD7 /* 10.jpg */,
				F778BC082A5D620E006E3DD7 /* 11.jpg */,
				F778BC102A5D620E006E3DD7 /* 12.jpg */,
			);
			path = images;
			sourceTree = "<group>";
		};
		F7F465E72A5C318A00B11EDD /* modules */ = {
			isa = PBXGroup;
			children = (
				F7256C0A2A5F8841000CE7C6 /* flutter */,
				F778BBD42A5D52AF006E3DD7 /* file */,
				F778BBD32A5D52A2006E3DD7 /* video */,
				F778BBD22A5D527D006E3DD7 /* im */,
				F778BBD12A5D526C006E3DD7 /* layout */,
				F778BBD02A5D5260006E3DD7 /* game */,
				F778BBCF2A5D5255006E3DD7 /* note */,
			);
			path = modules;
			sourceTree = "<group>";
		};
/* End PBXGroup section */

/* Begin PBXNativeTarget section */
		F7F465842A5966BF00B11EDD /* live_ios */ = {
			isa = PBXNativeTarget;
			buildConfigurationList = F7F465B42A5966C000B11EDD /* Build configuration list for PBXNativeTarget "live_ios" */;
			buildPhases = (
				F7F465812A5966BF00B11EDD /* Sources */,
				F7F465822A5966BF00B11EDD /* Frameworks */,
				F7F465832A5966BF00B11EDD /* Resources */,
			);
			buildRules = (
			);
			dependencies = (
			);
			name = live_ios;
			productName = live_ios;
			productReference = F7F465852A5966BF00B11EDD /* live_ios.app */;
			productType = "com.apple.product-type.application";
		};
		F7F4659F2A5966C000B11EDD /* live_iosTests */ = {
			isa = PBXNativeTarget;
			buildConfigurationList = F7F465B72A5966C000B11EDD /* Build configuration list for PBXNativeTarget "live_iosTests" */;
			buildPhases = (
				F7F4659C2A5966C000B11EDD /* Sources */,
				F7F4659D2A5966C000B11EDD /* Frameworks */,
				F7F4659E2A5966C000B11EDD /* Resources */,
			);
			buildRules = (
			);
			dependencies = (
				F7F465A22A5966C000B11EDD /* PBXTargetDependency */,
			);
			name = live_iosTests;
			productName = live_iosTests;
			productReference = F7F465A02A5966C000B11EDD /* live_iosTests.xctest */;
			productType = "com.apple.product-type.bundle.unit-test";
		};
		F7F465A92A5966C000B11EDD /* live_iosUITests */ = {
			isa = PBXNativeTarget;
			buildConfigurationList = F7F465BA2A5966C000B11EDD /* Build configuration list for PBXNativeTarget "live_iosUITests" */;
			buildPhases = (
				F7F465A62A5966C000B11EDD /* Sources */,
				F7F465A72A5966C000B11EDD /* Frameworks */,
				F7F465A82A5966C000B11EDD /* Resources */,
			);
			buildRules = (
			);
			dependencies = (
				F7F465AC2A5966C000B11EDD /* PBXTargetDependency */,
			);
			name = live_iosUITests;
			productName = live_iosUITests;
			productReference = F7F465AA2A5966C000B11EDD /* live_iosUITests.xctest */;
			productType = "com.apple.product-type.bundle.ui-testing";
		};
/* End PBXNativeTarget section */

/* Begin PBXProject section */
		F7F4657D2A5966BF00B11EDD /* Project object */ = {
			isa = PBXProject;
			attributes = {
				BuildIndependentTargetsInParallel = 1;
				LastUpgradeCheck = 1410;
				TargetAttributes = {
					F7F465842A5966BF00B11EDD = {
						CreatedOnToolsVersion = 14.1;
					};
					F7F4659F2A5966C000B11EDD = {
						CreatedOnToolsVersion = 14.1;
						TestTargetID = F7F465842A5966BF00B11EDD;
					};
					F7F465A92A5966C000B11EDD = {
						CreatedOnToolsVersion = 14.1;
						TestTargetID = F7F465842A5966BF00B11EDD;
					};
				};
			};
			buildConfigurationList = F7F465802A5966BF00B11EDD /* Build configuration list for PBXProject "live_ios" */;
			compatibilityVersion = "Xcode 14.0";
			developmentRegion = en;
			hasScannedForEncodings = 0;
			knownRegions = (
				en,
				Base,
			);
			mainGroup = F7F4657C2A5966BF00B11EDD;
			productRefGroup = F7F465862A5966BF00B11EDD /* Products */;
			projectDirPath = "";
			projectRoot = "";
			targets = (
				F7F465842A5966BF00B11EDD /* live_ios */,
				F7F4659F2A5966C000B11EDD /* live_iosTests */,
				F7F465A92A5966C000B11EDD /* live_iosUITests */,
			);
		};
/* End PBXProject section */

/* Begin PBXResourcesBuildPhase section */
		F7F465832A5966BF00B11EDD /* Resources */ = {
			isa = PBXResourcesBuildPhase;
			buildActionMask = 2147483647;
			files = (
				F778BC182A5D620E006E3DD7 /* 8.jpg in Resources */,
				F778BC5C2A5D6710006E3DD7 /* ic_note_unselected.png in Resources */,
				F778BC602A5D6710006E3DD7 /* ic_video_selected.png in Resources */,
				F778BC192A5D620E006E3DD7 /* 1.jpg in Resources */,
				F778BC172A5D620E006E3DD7 /* 6.jpg in Resources */,
				F778BC5B2A5D6710006E3DD7 /* ic_note_selected.png in Resources */,
				F778BC5F2A5D6710006E3DD7 /* ic_layout_unselected.png in Resources */,
				F778BC612A5D6710006E3DD7 /* ic_im_selected.png in Resources */,
				F7F465982A5966C000B11EDD /* LaunchScreen.storyboard in Resources */,
				F778BC5A2A5D6710006E3DD7 /* ic_layout_selected.png in Resources */,
				F778BC162A5D620E006E3DD7 /* 5.jpg in Resources */,
				F7F465952A5966C000B11EDD /* Assets.xcassets in Resources */,
				F778BC632A5D6710006E3DD7 /* ic_game_selected.png in Resources */,
				F778BC5E2A5D6710006E3DD7 /* ic_video_unselected.png in Resources */,
				F778BC112A5D620E006E3DD7 /* 2.jpg in Resources */,
				F778BC122A5D620E006E3DD7 /* 7.jpg in Resources */,
				F778BC1C2A5D620E006E3DD7 /* 12.jpg in Resources */,
				F7F465932A5966BF00B11EDD /* Main.storyboard in Resources */,
				F7682CE72A6154090081FB84 /* StatusInfo.plist in Resources */,
				F778BC1A2A5D620E006E3DD7 /* 9.jpg in Resources */,
				F778BC1B2A5D620E006E3DD7 /* 10.jpg in Resources */,
				F778BC132A5D620E006E3DD7 /* 3.jpg in Resources */,
				F778BC152A5D620E006E3DD7 /* 4.jpg in Resources */,
				F7CFB55C2A6010D20085DFCB /* 1.png in Resources */,
				F778BC622A5D6710006E3DD7 /* ic_game_unselected.png in Resources */,
				F7F465CA2A59787600B11EDD /* test.mp4 in Resources */,
				F778BC5D2A5D6710006E3DD7 /* ic_file_unselected.png in Resources */,
				F7682CEA2A6177A20081FB84 /* mytype.png in Resources */,
				F778BC592A5D6710006E3DD7 /* ic_file_selected.png in Resources */,
				F778BC142A5D620E006E3DD7 /* 11.jpg in Resources */,
				F778BC642A5D6710006E3DD7 /* ic_im_unselected.png in Resources */,
			);
			runOnlyForDeploymentPostprocessing = 0;
		};
		F7F4659E2A5966C000B11EDD /* Resources */ = {
			isa = PBXResourcesBuildPhase;
			buildActionMask = 2147483647;
			files = (
			);
			runOnlyForDeploymentPostprocessing = 0;
		};
		F7F465A82A5966C000B11EDD /* Resources */ = {
			isa = PBXResourcesBuildPhase;
			buildActionMask = 2147483647;
			files = (
			);
			runOnlyForDeploymentPostprocessing = 0;
		};
/* End PBXResourcesBuildPhase section */

/* Begin PBXSourcesBuildPhase section */
		F7F465812A5966BF00B11EDD /* Sources */ = {
			isa = PBXSourcesBuildPhase;
			buildActionMask = 2147483647;
			files = (
				F778BBDD2A5D5323006E3DD7 /* LGameViewController.m in Sources */,
				F778BBD72A5D52CE006E3DD7 /* LFileViewController.m in Sources */,
				F778BC6B2A5D7D29006E3DD7 /* LContactGroup.m in Sources */,
				F7256C092A5F8824000CE7C6 /* LRouterManager.m in Sources */,
				F7CFB5622A6019430085DFCB /* LStatusTableViewCell.m in Sources */,
				F7F465E62A59798D00B11EDD /* LUIImageViewController.m in Sources */,
				F7CFB55A2A5FF62C0085DFCB /* LPostViewController.m in Sources */,
				F7256C062A5F8807000CE7C6 /* LRouterTable.m in Sources */,
				F7F465902A5966BF00B11EDD /* LNoteViewController.m in Sources */,
				F7F4658A2A5966BF00B11EDD /* AppDelegate.m in Sources */,
				F778BC682A5D7A0F006E3DD7 /* LContact.m in Sources */,
				F7256C022A5F85BC000CE7C6 /* LExampleListGroup.m in Sources */,
				F7256BFF2A5F85AD000CE7C6 /* LExampleListGroupItem.m in Sources */,
				F7CFB55F2A6015100085DFCB /* LStatus.m in Sources */,
				F7F465BF2A59681000B11EDD /* LVideoPlayViewController.m in Sources */,
				F778BBDA2A5D530D006E3DD7 /* LIMViewController.m in Sources */,
				F7F4659B2A5966C000B11EDD /* main.m in Sources */,
				F778BC6E2A5D803F006E3DD7 /* LContactViewController.m in Sources */,
				F778BBE02A5D538A006E3DD7 /* LLayoutViewController.m in Sources */,
				F7CFB5512A5FF3EB0085DFCB /* LFlutterViewController.m in Sources */,
			);
			runOnlyForDeploymentPostprocessing = 0;
		};
		F7F4659C2A5966C000B11EDD /* Sources */ = {
			isa = PBXSourcesBuildPhase;
			buildActionMask = 2147483647;
			files = (
				F7F465A52A5966C000B11EDD /* live_iosTests.m in Sources */,
			);
			runOnlyForDeploymentPostprocessing = 0;
		};
		F7F465A62A5966C000B11EDD /* Sources */ = {
			isa = PBXSourcesBuildPhase;
			buildActionMask = 2147483647;
			files = (
				F7F465B12A5966C000B11EDD /* live_iosUITestsLaunchTests.m in Sources */,
				F7F465AF2A5966C000B11EDD /* live_iosUITests.m in Sources */,
			);
			runOnlyForDeploymentPostprocessing = 0;
		};
/* End PBXSourcesBuildPhase section */

/* Begin PBXTargetDependency section */
		F7F465A22A5966C000B11EDD /* PBXTargetDependency */ = {
			isa = PBXTargetDependency;
			target = F7F465842A5966BF00B11EDD /* live_ios */;
			targetProxy = F7F465A12A5966C000B11EDD /* PBXContainerItemProxy */;
		};
		F7F465AC2A5966C000B11EDD /* PBXTargetDependency */ = {
			isa = PBXTargetDependency;
			target = F7F465842A5966BF00B11EDD /* live_ios */;
			targetProxy = F7F465AB2A5966C000B11EDD /* PBXContainerItemProxy */;
		};
/* End PBXTargetDependency section */

/* Begin PBXVariantGroup section */
		F7F465912A5966BF00B11EDD /* Main.storyboard */ = {
			isa = PBXVariantGroup;
			children = (
				F7F465922A5966BF00B11EDD /* Base */,
			);
			name = Main.storyboard;
			sourceTree = "<group>";
		};
		F7F465962A5966C000B11EDD /* LaunchScreen.storyboard */ = {
			isa = PBXVariantGroup;
			children = (
				F7F465972A5966C000B11EDD /* Base */,
			);
			name = LaunchScreen.storyboard;
			sourceTree = "<group>";
		};
/* End PBXVariantGroup section */

/* Begin XCBuildConfiguration section */
		F7F465B22A5966C000B11EDD /* Debug */ = {
			isa = XCBuildConfiguration;
			buildSettings = {
				ALWAYS_SEARCH_USER_PATHS = NO;
				CLANG_ANALYZER_NONNULL = YES;
				CLANG_ANALYZER_NUMBER_OBJECT_CONVERSION = YES_AGGRESSIVE;
				CLANG_CXX_LANGUAGE_STANDARD = "gnu++20";
				CLANG_ENABLE_MODULES = YES;
				CLANG_ENABLE_OBJC_ARC = YES;
				CLANG_ENABLE_OBJC_WEAK = YES;
				CLANG_WARN_BLOCK_CAPTURE_AUTORELEASING = YES;
				CLANG_WARN_BOOL_CONVERSION = YES;
				CLANG_WARN_COMMA = YES;
				CLANG_WARN_CONSTANT_CONVERSION = YES;
				CLANG_WARN_DEPRECATED_OBJC_IMPLEMENTATIONS = YES;
				CLANG_WARN_DIRECT_OBJC_ISA_USAGE = YES_ERROR;
				CLANG_WARN_DOCUMENTATION_COMMENTS = YES;
				CLANG_WARN_EMPTY_BODY = YES;
				CLANG_WARN_ENUM_CONVERSION = YES;
				CLANG_WARN_INFINITE_RECURSION = YES;
				CLANG_WARN_INT_CONVERSION = YES;
				CLANG_WARN_NON_LITERAL_NULL_CONVERSION = YES;
				CLANG_WARN_OBJC_IMPLICIT_RETAIN_SELF = YES;
				CLANG_WARN_OBJC_LITERAL_CONVERSION = YES;
				CLANG_WARN_OBJC_ROOT_CLASS = YES_ERROR;
				CLANG_WARN_QUOTED_INCLUDE_IN_FRAMEWORK_HEADER = YES;
				CLANG_WARN_RANGE_LOOP_ANALYSIS = YES;
				CLANG_WARN_STRICT_PROTOTYPES = YES;
				CLANG_WARN_SUSPICIOUS_MOVE = YES;
				CLANG_WARN_UNGUARDED_AVAILABILITY = YES_AGGRESSIVE;
				CLANG_WARN_UNREACHABLE_CODE = YES;
				CLANG_WARN__DUPLICATE_METHOD_MATCH = YES;
				COPY_PHASE_STRIP = NO;
				DEBUG_INFORMATION_FORMAT = dwarf;
				ENABLE_STRICT_OBJC_MSGSEND = YES;
				ENABLE_TESTABILITY = YES;
				GCC_C_LANGUAGE_STANDARD = gnu11;
				GCC_DYNAMIC_NO_PIC = NO;
				GCC_NO_COMMON_BLOCKS = YES;
				GCC_OPTIMIZATION_LEVEL = 0;
				GCC_PREPROCESSOR_DEFINITIONS = (
					"DEBUG=1",
					"$(inherited)",
				);
				GCC_WARN_64_TO_32_BIT_CONVERSION = YES;
				GCC_WARN_ABOUT_RETURN_TYPE = YES_ERROR;
				GCC_WARN_UNDECLARED_SELECTOR = YES;
				GCC_WARN_UNINITIALIZED_AUTOS = YES_AGGRESSIVE;
				GCC_WARN_UNUSED_FUNCTION = YES;
				GCC_WARN_UNUSED_VARIABLE = YES;
				IPHONEOS_DEPLOYMENT_TARGET = 16.1;
				MTL_ENABLE_DEBUG_INFO = INCLUDE_SOURCE;
				MTL_FAST_MATH = YES;
				ONLY_ACTIVE_ARCH = YES;
				SDKROOT = iphoneos;
			};
			name = Debug;
		};
		F7F465B32A5966C000B11EDD /* Release */ = {
			isa = XCBuildConfiguration;
			buildSettings = {
				ALWAYS_SEARCH_USER_PATHS = NO;
				CLANG_ANALYZER_NONNULL = YES;
				CLANG_ANALYZER_NUMBER_OBJECT_CONVERSION = YES_AGGRESSIVE;
				CLANG_CXX_LANGUAGE_STANDARD = "gnu++20";
				CLANG_ENABLE_MODULES = YES;
				CLANG_ENABLE_OBJC_ARC = YES;
				CLANG_ENABLE_OBJC_WEAK = YES;
				CLANG_WARN_BLOCK_CAPTURE_AUTORELEASING = YES;
				CLANG_WARN_BOOL_CONVERSION = YES;
				CLANG_WARN_COMMA = YES;
				CLANG_WARN_CONSTANT_CONVERSION = YES;
				CLANG_WARN_DEPRECATED_OBJC_IMPLEMENTATIONS = YES;
				CLANG_WARN_DIRECT_OBJC_ISA_USAGE = YES_ERROR;
				CLANG_WARN_DOCUMENTATION_COMMENTS = YES;
				CLANG_WARN_EMPTY_BODY = YES;
				CLANG_WARN_ENUM_CONVERSION = YES;
				CLANG_WARN_INFINITE_RECURSION = YES;
				CLANG_WARN_INT_CONVERSION = YES;
				CLANG_WARN_NON_LITERAL_NULL_CONVERSION = YES;
				CLANG_WARN_OBJC_IMPLICIT_RETAIN_SELF = YES;
				CLANG_WARN_OBJC_LITERAL_CONVERSION = YES;
				CLANG_WARN_OBJC_ROOT_CLASS = YES_ERROR;
				CLANG_WARN_QUOTED_INCLUDE_IN_FRAMEWORK_HEADER = YES;
				CLANG_WARN_RANGE_LOOP_ANALYSIS = YES;
				CLANG_WARN_STRICT_PROTOTYPES = YES;
				CLANG_WARN_SUSPICIOUS_MOVE = YES;
				CLANG_WARN_UNGUARDED_AVAILABILITY = YES_AGGRESSIVE;
				CLANG_WARN_UNREACHABLE_CODE = YES;
				CLANG_WARN__DUPLICATE_METHOD_MATCH = YES;
				COPY_PHASE_STRIP = NO;
				DEBUG_INFORMATION_FORMAT = "dwarf-with-dsym";
				ENABLE_NS_ASSERTIONS = NO;
				ENABLE_STRICT_OBJC_MSGSEND = YES;
				GCC_C_LANGUAGE_STANDARD = gnu11;
				GCC_NO_COMMON_BLOCKS = YES;
				GCC_WARN_64_TO_32_BIT_CONVERSION = YES;
				GCC_WARN_ABOUT_RETURN_TYPE = YES_ERROR;
				GCC_WARN_UNDECLARED_SELECTOR = YES;
				GCC_WARN_UNINITIALIZED_AUTOS = YES_AGGRESSIVE;
				GCC_WARN_UNUSED_FUNCTION = YES;
				GCC_WARN_UNUSED_VARIABLE = YES;
				IPHONEOS_DEPLOYMENT_TARGET = 16.1;
				MTL_ENABLE_DEBUG_INFO = NO;
				MTL_FAST_MATH = YES;
				SDKROOT = iphoneos;
				VALIDATE_PRODUCT = YES;
			};
			name = Release;
		};
		F7F465B52A5966C000B11EDD /* Debug */ = {
			isa = XCBuildConfiguration;
			buildSettings = {
				ASSETCATALOG_COMPILER_APPICON_NAME = AppIcon;
				ASSETCATALOG_COMPILER_GLOBAL_ACCENT_COLOR_NAME = AccentColor;
				CODE_SIGN_STYLE = Automatic;
				CURRENT_PROJECT_VERSION = 1;
				DEVELOPMENT_TEAM = 43GM6F57RC;
				GENERATE_INFOPLIST_FILE = YES;
				INFOPLIST_FILE = live_ios/Info.plist;
				INFOPLIST_KEY_UIApplicationSupportsIndirectInputEvents = YES;
				INFOPLIST_KEY_UILaunchStoryboardName = LaunchScreen;
				INFOPLIST_KEY_UIMainStoryboardFile = Main;
				INFOPLIST_KEY_UISupportedInterfaceOrientations_iPad = "UIInterfaceOrientationPortrait UIInterfaceOrientationPortraitUpsideDown UIInterfaceOrientationLandscapeLeft UIInterfaceOrientationLandscapeRight";
				INFOPLIST_KEY_UISupportedInterfaceOrientations_iPhone = "UIInterfaceOrientationPortrait UIInterfaceOrientationLandscapeLeft UIInterfaceOrientationLandscapeRight";
				LD_RUNPATH_SEARCH_PATHS = (
					"$(inherited)",
					"@executable_path/Frameworks",
				);
				MARKETING_VERSION = 1.0;
				PRODUCT_BUNDLE_IDENTIFIER = "com.lsx.lazycontrol.live-ios";
				PRODUCT_NAME = "$(TARGET_NAME)";
				SWIFT_EMIT_LOC_STRINGS = YES;
				TARGETED_DEVICE_FAMILY = "1,2";
			};
			name = Debug;
		};
		F7F465B62A5966C000B11EDD /* Release */ = {
			isa = XCBuildConfiguration;
			buildSettings = {
				ASSETCATALOG_COMPILER_APPICON_NAME = AppIcon;
				ASSETCATALOG_COMPILER_GLOBAL_ACCENT_COLOR_NAME = AccentColor;
				CODE_SIGN_STYLE = Automatic;
				CURRENT_PROJECT_VERSION = 1;
				DEVELOPMENT_TEAM = 43GM6F57RC;
				GENERATE_INFOPLIST_FILE = YES;
				INFOPLIST_FILE = live_ios/Info.plist;
				INFOPLIST_KEY_UIApplicationSupportsIndirectInputEvents = YES;
				INFOPLIST_KEY_UILaunchStoryboardName = LaunchScreen;
				INFOPLIST_KEY_UIMainStoryboardFile = Main;
				INFOPLIST_KEY_UISupportedInterfaceOrientations_iPad = "UIInterfaceOrientationPortrait UIInterfaceOrientationPortraitUpsideDown UIInterfaceOrientationLandscapeLeft UIInterfaceOrientationLandscapeRight";
				INFOPLIST_KEY_UISupportedInterfaceOrientations_iPhone = "UIInterfaceOrientationPortrait UIInterfaceOrientationLandscapeLeft UIInterfaceOrientationLandscapeRight";
				LD_RUNPATH_SEARCH_PATHS = (
					"$(inherited)",
					"@executable_path/Frameworks",
				);
				MARKETING_VERSION = 1.0;
				PRODUCT_BUNDLE_IDENTIFIER = "com.lsx.lazycontrol.live-ios";
				PRODUCT_NAME = "$(TARGET_NAME)";
				SWIFT_EMIT_LOC_STRINGS = YES;
				TARGETED_DEVICE_FAMILY = "1,2";
			};
			name = Release;
		};
		F7F465B82A5966C000B11EDD /* Debug */ = {
			isa = XCBuildConfiguration;
			buildSettings = {
				BUNDLE_LOADER = "$(TEST_HOST)";
				CODE_SIGN_STYLE = Automatic;
				CURRENT_PROJECT_VERSION = 1;
				DEVELOPMENT_TEAM = 43GM6F57RC;
				GENERATE_INFOPLIST_FILE = YES;
				IPHONEOS_DEPLOYMENT_TARGET = 16.1;
				MARKETING_VERSION = 1.0;
				PRODUCT_BUNDLE_IDENTIFIER = "com.lsx.lazycontrol.live-iosTests";
				PRODUCT_NAME = "$(TARGET_NAME)";
				SWIFT_EMIT_LOC_STRINGS = NO;
				TARGETED_DEVICE_FAMILY = "1,2";
				TEST_HOST = "$(BUILT_PRODUCTS_DIR)/live_ios.app/$(BUNDLE_EXECUTABLE_FOLDER_PATH)/live_ios";
			};
			name = Debug;
		};
		F7F465B92A5966C000B11EDD /* Release */ = {
			isa = XCBuildConfiguration;
			buildSettings = {
				BUNDLE_LOADER = "$(TEST_HOST)";
				CODE_SIGN_STYLE = Automatic;
				CURRENT_PROJECT_VERSION = 1;
				DEVELOPMENT_TEAM = 43GM6F57RC;
				GENERATE_INFOPLIST_FILE = YES;
				IPHONEOS_DEPLOYMENT_TARGET = 16.1;
				MARKETING_VERSION = 1.0;
				PRODUCT_BUNDLE_IDENTIFIER = "com.lsx.lazycontrol.live-iosTests";
				PRODUCT_NAME = "$(TARGET_NAME)";
				SWIFT_EMIT_LOC_STRINGS = NO;
				TARGETED_DEVICE_FAMILY = "1,2";
				TEST_HOST = "$(BUILT_PRODUCTS_DIR)/live_ios.app/$(BUNDLE_EXECUTABLE_FOLDER_PATH)/live_ios";
			};
			name = Release;
		};
		F7F465BB2A5966C000B11EDD /* Debug */ = {
			isa = XCBuildConfiguration;
			buildSettings = {
				CODE_SIGN_STYLE = Automatic;
				CURRENT_PROJECT_VERSION = 1;
				DEVELOPMENT_TEAM = 43GM6F57RC;
				GENERATE_INFOPLIST_FILE = YES;
				MARKETING_VERSION = 1.0;
				PRODUCT_BUNDLE_IDENTIFIER = "com.lsx.lazycontrol.live-iosUITests";
				PRODUCT_NAME = "$(TARGET_NAME)";
				SWIFT_EMIT_LOC_STRINGS = NO;
				TARGETED_DEVICE_FAMILY = "1,2";
				TEST_TARGET_NAME = live_ios;
			};
			name = Debug;
		};
		F7F465BC2A5966C000B11EDD /* Release */ = {
			isa = XCBuildConfiguration;
			buildSettings = {
				CODE_SIGN_STYLE = Automatic;
				CURRENT_PROJECT_VERSION = 1;
				DEVELOPMENT_TEAM = 43GM6F57RC;
				GENERATE_INFOPLIST_FILE = YES;
				MARKETING_VERSION = 1.0;
				PRODUCT_BUNDLE_IDENTIFIER = "com.lsx.lazycontrol.live-iosUITests";
				PRODUCT_NAME = "$(TARGET_NAME)";
				SWIFT_EMIT_LOC_STRINGS = NO;
				TARGETED_DEVICE_FAMILY = "1,2";
				TEST_TARGET_NAME = live_ios;
			};
			name = Release;
		};
/* End XCBuildConfiguration section */

/* Begin XCConfigurationList section */
		F7F465802A5966BF00B11EDD /* Build configuration list for PBXProject "live_ios" */ = {
			isa = XCConfigurationList;
			buildConfigurations = (
				F7F465B22A5966C000B11EDD /* Debug */,
				F7F465B32A5966C000B11EDD /* Release */,
			);
			defaultConfigurationIsVisible = 0;
			defaultConfigurationName = Release;
		};
		F7F465B42A5966C000B11EDD /* Build configuration list for PBXNativeTarget "live_ios" */ = {
			isa = XCConfigurationList;
			buildConfigurations = (
				F7F465B52A5966C000B11EDD /* Debug */,
				F7F465B62A5966C000B11EDD /* Release */,
			);
			defaultConfigurationIsVisible = 0;
			defaultConfigurationName = Release;
		};
		F7F465B72A5966C000B11EDD /* Build configuration list for PBXNativeTarget "live_iosTests" */ = {
			isa = XCConfigurationList;
			buildConfigurations = (
				F7F465B82A5966C000B11EDD /* Debug */,
				F7F465B92A5966C000B11EDD /* Release */,
			);
			defaultConfigurationIsVisible = 0;
			defaultConfigurationName = Release;
		};
		F7F465BA2A5966C000B11EDD /* Build configuration list for PBXNativeTarget "live_iosUITests" */ = {
			isa = XCConfigurationList;
			buildConfigurations = (
				F7F465BB2A5966C000B11EDD /* Debug */,
				F7F465BC2A5966C000B11EDD /* Release */,
			);
			defaultConfigurationIsVisible = 0;
			defaultConfigurationName = Release;
		};
/* End XCConfigurationList section */
	};
	rootObject = F7F4657D2A5966BF00B11EDD /* Project object */;
}
